
Microsoft Visual Studio Solution File, Format Version 12.00
# Visual Studio Version 16
VisualStudioVersion = 16.0.29509.3
MinimumVisualStudioVersion = 10.0.40219.1
Project("{FAE04EC0-301F-11D3-BF4B-00C04F79EFBC}") = "UEFATeams", "UEFATeams\UEFATeams.csproj", "{57C463BC-2354-430E-991D-3B1EFA4C6116}"
EndProject
Global
	GlobalSection(SolutionConfigurationPlatforms) = preSolution
		Debug|Any CPU = Debug|Any CPU
		Release|Any CPU = Release|Any CPU
	EndGlobalSection
	GlobalSection(ProjectConfigurationPlatforms) = postSolution
		{57C463BC-2354-430E-991D-3B1EFA4C6116}.Debug|Any CPU.ActiveCfg = Debug|Any CPU
		{57C463BC-2354-430E-991D-3B1EFA4C6116}.Debug|Any CPU.Build.0 = Debug|Any CPU
		{57C463BC-2354-430E-991D-3B1EFA4C6116}.Release|Any CPU.ActiveCfg = Release|Any CPU
		{57C463BC-2354-430E-991D-3B1EFA4C6116}.Release|Any CPU.Build.0 = Release|Any CPU
	EndGlobalSection
	GlobalSection(SolutionProperties) = preSolution
		HideSolutionNode = FALSE
	EndGlobalSection
	GlobalSection(ExtensibilityGlobals) = postSolution
		SolutionGuid = {69D9883D-BDCF-496F-B5F0-9911D4C67D26}
	EndGlobalSection
EndGlobal
